
Microsoft Visual Studio Solution File, Format Version 12.00
# Visual Studio 15
VisualStudioVersion = 15.0.28010.2041
MinimumVisualStudioVersion = 10.0.40219.1
Project("{FAE04EC0-301F-11D3-BF4B-00C04F79EFBC}") = "Vuelos", "Vuelos\Vuelos.csproj", "{9D070A91-58FE-4637-8096-D0C149C26526}"
EndProject
Global
	GlobalSection(SolutionConfigurationPlatforms) = preSolution
		Debug|Any CPU = Debug|Any CPU
		Release|Any CPU = Release|Any CPU
	EndGlobalSection
	GlobalSection(ProjectConfigurationPlatforms) = postSolution
		{9D070A91-58FE-4637-8096-D0C149C26526}.Debug|Any CPU.ActiveCfg = Debug|Any CPU
		{9D070A91-58FE-4637-8096-D0C149C26526}.Debug|Any CPU.Build.0 = Debug|Any CPU
		{9D070A91-58FE-4637-8096-D0C149C26526}.Release|Any CPU.ActiveCfg = Release|Any CPU
		{9D070A91-58FE-4637-8096-D0C149C26526}.Release|Any CPU.Build.0 = Release|Any CPU
	EndGlobalSection
	GlobalSection(SolutionProperties) = preSolution
		HideSolutionNode = FALSE
	EndGlobalSection
	GlobalSection(ExtensibilityGlobals) = postSolution
		SolutionGuid = {0C9C19C0-102B-4FCA-8096-926668219943}
	EndGlobalSection
EndGlobal
